PODS:
  - Socket.IO-Client-Swift (13.2.0):
    - Starscream (~> 3.0.2)
  - Starscream (3.0.5)

DEPENDENCIES:
  - Socket.IO-Client-Swift

SPEC REPOS:
  https://github.com/CocoaPods/Specs.git:
    - Socket.IO-Client-Swift
    - Starscream

SPEC CHECKSUMS:
  Socket.IO-Client-Swift: 4698ea9eb2955eecf7fdf06c487ff1597e4cd779
  Starscream: faf918b2f2eff7d5dd21180646bf015a669673bd

PODFILE CHECKSUM: 03dc0d3fb4928bd8b7360318b62e2549e5623699

COCOAPODS: 1.5.0.beta.1
