// !$*UTF8*$!
{
	archiveVersion = 1;
	classes = {
	};
	objectVersion = 51;
	objects = {

/* Begin PBXBuildFile section */
		03DC974C7D67B393105489BB /* Pods_TapMe.framework in Frameworks */ = {isa = PBXBuildFile; fileRef = 86C69158B1CDBFE712615CC5 /* Pods_TapMe.framework */; };
		5A626A6220CA6BF100CAB267 /* Player.swift in Sources */ = {isa = PBXBuildFile; fileRef = 5A626A6120CA6BF100CAB267 /* Player.swift */; };
		5AAFE27E20CABFDE00C503B1 /* PlayerViewController.swift in Sources */ = {isa = PBXBuildFile; fileRef = 5AAFE27D20CABFDE00C503B1 /* PlayerViewController.swift */; };
		5E8AECD120BE8EBB001F4012 /* AppDelegate.swift in Sources */ = {isa = PBXBuildFile; fileRef = 5E8AECD020BE8EBB001F4012 /* AppDelegate.swift */; };
		5E8AECD620BE8EBB001F4012 /* Main.storyboard in Resources */ = {isa = PBXBuildFile; fileRef = 5E8AECD420BE8EBB001F4012 /* Main.storyboard */; };
		5E8AECD820BE8EBC001F4012 /* Assets.xcassets in Resources */ = {isa = PBXBuildFile; fileRef = 5E8AECD720BE8EBC001F4012 /* Assets.xcassets */; };
		5E8AECDB20BE8EBC001F4012 /* LaunchScreen.storyboard in Resources */ = {isa = PBXBuildFile; fileRef = 5E8AECD920BE8EBC001F4012 /* LaunchScreen.storyboard */; };
		5E8AECE320BE8F31001F4012 /* LoginViewController.swift in Sources */ = {isa = PBXBuildFile; fileRef = 5E8AECE220BE8F31001F4012 /* LoginViewController.swift */; };
		5E8AECE520BE9427001F4012 /* RegisterViewController.swift in Sources */ = {isa = PBXBuildFile; fileRef = 5E8AECE420BE9427001F4012 /* RegisterViewController.swift */; };
		5E99DFC320BEB31E003D6C2E /* TapMeViewController.swift in Sources */ = {isa = PBXBuildFile; fileRef = 5E99DFC220BEB31E003D6C2E /* TapMeViewController.swift */; };
		5E99DFC520BED334003D6C2E /* AlertViewController.swift in Sources */ = {isa = PBXBuildFile; fileRef = 5E99DFC420BED334003D6C2E /* AlertViewController.swift */; };
/* End PBXBuildFile section */

/* Begin PBXFileReference section */
		23940E0A8F35A24F844BC727 /* Pods-TapMe.release.xcconfig */ = {isa = PBXFileReference; includeInIndex = 1; lastKnownFileType = text.xcconfig; name = "Pods-TapMe.release.xcconfig"; path = "Pods/Target Support Files/Pods-TapMe/Pods-TapMe.release.xcconfig"; sourceTree = "<group>"; };
		5A626A6120CA6BF100CAB267 /* Player.swift */ = {isa = PBXFileReference; lastKnownFileType = sourcecode.swift; path = Player.swift; sourceTree = "<group>"; };
		5AAFE27D20CABFDE00C503B1 /* PlayerViewController.swift */ = {isa = PBXFileReference; lastKnownFileType = sourcecode.swift; path = PlayerViewController.swift; sourceTree = "<group>"; };
		5E8AECCD20BE8EBB001F4012 /* TapMe.app */ = {isa = PBXFileReference; explicitFileType = wrapper.application; includeInIndex = 0; path = TapMe.app; sourceTree = BUILT_PRODUCTS_DIR; };
		5E8AECD020BE8EBB001F4012 /* AppDelegate.swift */ = {isa = PBXFileReference; lastKnownFileType = sourcecode.swift; path = AppDelegate.swift; sourceTree = "<group>"; };
		5E8AECD520BE8EBB001F4012 /* Base */ = {isa = PBXFileReference; lastKnownFileType = file.storyboard; name = Base; path = Base.lproj/Main.storyboard; sourceTree = "<group>"; };
		5E8AECD720BE8EBC001F4012 /* Assets.xcassets */ = {isa = PBXFileReference; lastKnownFileType = folder.assetcatalog; path = Assets.xcassets; sourceTree = "<group>"; };
		5E8AECDA20BE8EBC001F4012 /* Base */ = {isa = PBXFileReference; lastKnownFileType = file.storyboard; name = Base; path = Base.lproj/LaunchScreen.storyboard; sourceTree = "<group>"; };
		5E8AECDC20BE8EBC001F4012 /* Info.plist */ = {isa = PBXFileReference; lastKnownFileType = text.plist.xml; path = Info.plist; sourceTree = "<group>"; };
		5E8AECE220BE8F31001F4012 /* LoginViewController.swift */ = {isa = PBXFileReference; lastKnownFileType = sourcecode.swift; path = LoginViewController.swift; sourceTree = "<group>"; };
		5E8AECE420BE9427001F4012 /* RegisterViewController.swift */ = {isa = PBXFileReference; lastKnownFileType = sourcecode.swift; path = RegisterViewController.swift; sourceTree = "<group>"; };
		5E99DFC220BEB31E003D6C2E /* TapMeViewController.swift */ = {isa = PBXFileReference; lastKnownFileType = sourcecode.swift; path = TapMeViewController.swift; sourceTree = "<group>"; };
		5E99DFC420BED334003D6C2E /* AlertViewController.swift */ = {isa = PBXFileReference; lastKnownFileType = sourcecode.swift; path = AlertViewController.swift; sourceTree = "<group>"; };
		86C69158B1CDBFE712615CC5 /* Pods_TapMe.framework */ = {isa = PBXFileReference; explicitFileType = wrapper.framework; includeInIndex = 0; path = Pods_TapMe.framework; sourceTree = BUILT_PRODUCTS_DIR; };
		954D14EE3141EF5B90484747 /* Pods-TapMe.debug.xcconfig */ = {isa = PBXFileReference; includeInIndex = 1; lastKnownFileType = text.xcconfig; name = "Pods-TapMe.debug.xcconfig"; path = "Pods/Target Support Files/Pods-TapMe/Pods-TapMe.debug.xcconfig"; sourceTree = "<group>"; };
/* End PBXFileReference section */

/* Begin PBXFrameworksBuildPhase section */
		5E8AECCA20BE8EBB001F4012 /* Frameworks */ = {
			isa = PBXFrameworksBuildPhase;
			buildActionMask = 2147483647;
			files = (
				03DC974C7D67B393105489BB /* Pods_TapMe.framework in Frameworks */,
			);
			runOnlyForDeploymentPostprocessing = 0;
		};
/* End PBXFrameworksBuildPhase section */

/* Begin PBXGroup section */
		02B0D732890F43E8F084DBA9 /* Pods */ = {
			isa = PBXGroup;
			children = (
				954D14EE3141EF5B90484747 /* Pods-TapMe.debug.xcconfig */,
				23940E0A8F35A24F844BC727 /* Pods-TapMe.release.xcconfig */,
			);
			name = Pods;
			sourceTree = "<group>";
		};
		5E8AECC420BE8EBB001F4012 = {
			isa = PBXGroup;
			children = (
				5E8AECCF20BE8EBB001F4012 /* TapMe */,
				5E8AECCE20BE8EBB001F4012 /* Products */,
				02B0D732890F43E8F084DBA9 /* Pods */,
				639B9C7FE3BE7D252A4B4641 /* Frameworks */,
			);
			sourceTree = "<group>";
		};
		5E8AECCE20BE8EBB001F4012 /* Products */ = {
			isa = PBXGroup;
			children = (
				5E8AECCD20BE8EBB001F4012 /* TapMe.app */,
			);
			name = Products;
			sourceTree = "<group>";
		};
		5E8AECCF20BE8EBB001F4012 /* TapMe */ = {
			isa = PBXGroup;
			children = (
				5E8AECD020BE8EBB001F4012 /* AppDelegate.swift */,
				5E99DFC420BED334003D6C2E /* AlertViewController.swift */,
				5E8AECE220BE8F31001F4012 /* LoginViewController.swift */,
				5E8AECE420BE9427001F4012 /* RegisterViewController.swift */,
				5E99DFC220BEB31E003D6C2E /* TapMeViewController.swift */,
				5AAFE27D20CABFDE00C503B1 /* PlayerViewController.swift */,
				5A626A6120CA6BF100CAB267 /* Player.swift */,
				5E8AECD420BE8EBB001F4012 /* Main.storyboard */,
				5E8AECD720BE8EBC001F4012 /* Assets.xcassets */,
				5E8AECD920BE8EBC001F4012 /* LaunchScreen.storyboard */,
				5E8AECDC20BE8EBC001F4012 /* Info.plist */,
			);
			path = TapMe;
			sourceTree = "<group>";
		};
		639B9C7FE3BE7D252A4B4641 /* Frameworks */ = {
			isa = PBXGroup;
			children = (
				86C69158B1CDBFE712615CC5 /* Pods_TapMe.framework */,
			);
			name = Frameworks;
			sourceTree = "<group>";
		};
/* End PBXGroup section */

/* Begin PBXNativeTarget section */
		5E8AECCC20BE8EBB001F4012 /* TapMe */ = {
			isa = PBXNativeTarget;
			buildConfigurationList = 5E8AECDF20BE8EBC001F4012 /* Build configuration list for PBXNativeTarget "TapMe" */;
			buildPhases = (
				89FAFAAA72B8299AF0C78E0F /* [CP] Check Pods Manifest.lock */,
				5E8AECC920BE8EBB001F4012 /* Sources */,
				5E8AECCA20BE8EBB001F4012 /* Frameworks */,
				5E8AECCB20BE8EBB001F4012 /* Resources */,
				9FBF94A90F7837495CFED16C /* [CP] Embed Pods Frameworks */,
			);
			buildRules = (
			);
			dependencies = (
			);
			name = TapMe;
			productName = TapMe;
			productReference = 5E8AECCD20BE8EBB001F4012 /* TapMe.app */;
			productType = "com.apple.product-type.application";
		};
/* End PBXNativeTarget section */

/* Begin PBXProject section */
		5E8AECC520BE8EBB001F4012 /* Project object */ = {
			isa = PBXProject;
			attributes = {
				LastSwiftUpdateCheck = 0940;
				LastUpgradeCheck = 0940;
				ORGANIZATIONNAME = Backendless;
				TargetAttributes = {
					5E8AECCC20BE8EBB001F4012 = {
						CreatedOnToolsVersion = 9.4;
						LastSwiftMigration = 1020;
					};
				};
			};
			buildConfigurationList = 5E8AECC820BE8EBB001F4012 /* Build configuration list for PBXProject "TapMe" */;
			compatibilityVersion = "Xcode 9.3";
			developmentRegion = en;
			hasScannedForEncodings = 0;
			knownRegions = (
				en,
				Base,
			);
			mainGroup = 5E8AECC420BE8EBB001F4012;
			productRefGroup = 5E8AECCE20BE8EBB001F4012 /* Products */;
			projectDirPath = "";
			projectRoot = "";
			targets = (
				5E8AECCC20BE8EBB001F4012 /* TapMe */,
			);
		};
/* End PBXProject section */

/* Begin PBXResourcesBuildPhase section */
		5E8AECCB20BE8EBB001F4012 /* Resources */ = {
			isa = PBXResourcesBuildPhase;
			buildActionMask = 2147483647;
			files = (
				5E8AECDB20BE8EBC001F4012 /* LaunchScreen.storyboard in Resources */,
				5E8AECD820BE8EBC001F4012 /* Assets.xcassets in Resources */,
				5E8AECD620BE8EBB001F4012 /* Main.storyboard in Resources */,
			);
			runOnlyForDeploymentPostprocessing = 0;
		};
/* End PBXResourcesBuildPhase section */

/* Begin PBXShellScriptBuildPhase section */
		89FAFAAA72B8299AF0C78E0F /* [CP] Check Pods Manifest.lock */ = {
			isa = PBXShellScriptBuildPhase;
			buildActionMask = 2147483647;
			files = (
			);
			inputPaths = (
				"${PODS_PODFILE_DIR_PATH}/Podfile.lock",
				"${PODS_ROOT}/Manifest.lock",
			);
			name = "[CP] Check Pods Manifest.lock";
			outputPaths = (
				"$(DERIVED_FILE_DIR)/Pods-TapMe-checkManifestLockResult.txt",
			);
			runOnlyForDeploymentPostprocessing = 0;
			shellPath = /bin/sh;
			shellScript = "diff \"${PODS_PODFILE_DIR_PATH}/Podfile.lock\" \"${PODS_ROOT}/Manifest.lock\" > /dev/null\nif [ $? != 0 ] ; then\n    # print error to STDERR\n    echo \"error: The sandbox is not in sync with the Podfile.lock. Run 'pod install' or update your CocoaPods installation.\" >&2\n    exit 1\nfi\n# This output is used by Xcode 'outputs' to avoid re-running this script phase.\necho \"SUCCESS\" > \"${SCRIPT_OUTPUT_FILE_0}\"\n";
			showEnvVarsInLog = 0;
		};
		9FBF94A90F7837495CFED16C /* [CP] Embed Pods Frameworks */ = {
			isa = PBXShellScriptBuildPhase;
			buildActionMask = 2147483647;
			files = (
			);
			inputFileListPaths = (
				"${PODS_ROOT}/Target Support Files/Pods-TapMe/Pods-TapMe-frameworks-${CONFIGURATION}-input-files.xcfilelist",
			);
			name = "[CP] Embed Pods Frameworks";
			outputFileListPaths = (
				"${PODS_ROOT}/Target Support Files/Pods-TapMe/Pods-TapMe-frameworks-${CONFIGURATION}-output-files.xcfilelist",
			);
			runOnlyForDeploymentPostprocessing = 0;
			shellPath = /bin/sh;
			shellScript = "\"${PODS_ROOT}/Target Support Files/Pods-TapMe/Pods-TapMe-frameworks.sh\"\n";
			showEnvVarsInLog = 0;
		};
/* End PBXShellScriptBuildPhase section */

/* Begin PBXSourcesBuildPhase section */
		5E8AECC920BE8EBB001F4012 /* Sources */ = {
			isa = PBXSourcesBuildPhase;
			buildActionMask = 2147483647;
			files = (
				5E8AECE520BE9427001F4012 /* RegisterViewController.swift in Sources */,
				5E8AECE320BE8F31001F4012 /* LoginViewController.swift in Sources */,
				5E99DFC320BEB31E003D6C2E /* TapMeViewController.swift in Sources */,
				5AAFE27E20CABFDE00C503B1 /* PlayerViewController.swift in Sources */,
				5E99DFC520BED334003D6C2E /* AlertViewController.swift in Sources */,
				5A626A6220CA6BF100CAB267 /* Player.swift in Sources */,
				5E8AECD120BE8EBB001F4012 /* AppDelegate.swift in Sources */,
			);
			runOnlyForDeploymentPostprocessing = 0;
		};
/* End PBXSourcesBuildPhase section */

/* Begin PBXVariantGroup section */
		5E8AECD420BE8EBB001F4012 /* Main.storyboard */ = {
			isa = PBXVariantGroup;
			children = (
				5E8AECD520BE8EBB001F4012 /* Base */,
			);
			name = Main.storyboard;
			sourceTree = "<group>";
		};
		5E8AECD920BE8EBC001F4012 /* LaunchScreen.storyboard */ = {
			isa = PBXVariantGroup;
			children = (
				5E8AECDA20BE8EBC001F4012 /* Base */,
			);
			name = LaunchScreen.storyboard;
			sourceTree = "<group>";
		};
/* End PBXVariantGroup section */

/* Begin XCBuildConfiguration section */
		5E8AECDD20BE8EBC001F4012 /* Debug */ = {
			isa = XCBuildConfiguration;
			buildSettings = {
				ALWAYS_SEARCH_USER_PATHS = NO;
				CLANG_ANALYZER_NONNULL = YES;
				CLANG_ANALYZER_NUMBER_OBJECT_CONVERSION = YES_AGGRESSIVE;
				CLANG_CXX_LANGUAGE_STANDARD = "gnu++14";
				CLANG_CXX_LIBRARY = "libc++";
				CLANG_ENABLE_MODULES = YES;
				CLANG_ENABLE_OBJC_ARC = YES;
				CLANG_ENABLE_OBJC_WEAK = YES;
				CLANG_WARN_BLOCK_CAPTURE_AUTORELEASING = YES;
				CLANG_WARN_BOOL_CONVERSION = YES;
				CLANG_WARN_COMMA = YES;
				CLANG_WARN_CONSTANT_CONVERSION = YES;
				CLANG_WARN_DEPRECATED_OBJC_IMPLEMENTATIONS = YES;
				CLANG_WARN_DIRECT_OBJC_ISA_USAGE = YES_ERROR;
				CLANG_WARN_DOCUMENTATION_COMMENTS = YES;
				CLANG_WARN_EMPTY_BODY = YES;
				CLANG_WARN_ENUM_CONVERSION = YES;
				CLANG_WARN_INFINITE_RECURSION = YES;
				CLANG_WARN_INT_CONVERSION = YES;
				CLANG_WARN_NON_LITERAL_NULL_CONVERSION = YES;
				CLANG_WARN_OBJC_IMPLICIT_RETAIN_SELF = YES;
				CLANG_WARN_OBJC_LITERAL_CONVERSION = YES;
				CLANG_WARN_OBJC_ROOT_CLASS = YES_ERROR;
				CLANG_WARN_RANGE_LOOP_ANALYSIS = YES;
				CLANG_WARN_STRICT_PROTOTYPES = YES;
				CLANG_WARN_SUSPICIOUS_MOVE = YES;
				CLANG_WARN_UNGUARDED_AVAILABILITY = YES_AGGRESSIVE;
				CLANG_WARN_UNREACHABLE_CODE = YES;
				CLANG_WARN__DUPLICATE_METHOD_MATCH = YES;
				CODE_SIGN_IDENTITY = "iPhone Developer";
				COPY_PHASE_STRIP = NO;
				DEBUG_INFORMATION_FORMAT = dwarf;
				ENABLE_STRICT_OBJC_MSGSEND = YES;
				ENABLE_TESTABILITY = YES;
				GCC_C_LANGUAGE_STANDARD = gnu11;
				GCC_DYNAMIC_NO_PIC = NO;
				GCC_NO_COMMON_BLOCKS = YES;
				GCC_OPTIMIZATION_LEVEL = 0;
				GCC_PREPROCESSOR_DEFINITIONS = (
					"DEBUG=1",
					"$(inherited)",
				);
				GCC_WARN_64_TO_32_BIT_CONVERSION = YES;
				GCC_WARN_ABOUT_RETURN_TYPE = YES_ERROR;
				GCC_WARN_UNDECLARED_SELECTOR = YES;
				GCC_WARN_UNINITIALIZED_AUTOS = YES_AGGRESSIVE;
				GCC_WARN_UNUSED_FUNCTION = YES;
				GCC_WARN_UNUSED_VARIABLE = YES;
				IPHONEOS_DEPLOYMENT_TARGET = 11.4;
				MTL_ENABLE_DEBUG_INFO = YES;
				ONLY_ACTIVE_ARCH = YES;
				SDKROOT = iphoneos;
				SWIFT_ACTIVE_COMPILATION_CONDITIONS = DEBUG;
				SWIFT_OPTIMIZATION_LEVEL = "-Onone";
			};
			name = Debug;
		};
		5E8AECDE20BE8EBC001F4012 /* Release */ = {
			isa = XCBuildConfiguration;
			buildSettings = {
				ALWAYS_SEARCH_USER_PATHS = NO;
				CLANG_ANALYZER_NONNULL = YES;
				CLANG_ANALYZER_NUMBER_OBJECT_CONVERSION = YES_AGGRESSIVE;
				CLANG_CXX_LANGUAGE_STANDARD = "gnu++14";
				CLANG_CXX_LIBRARY = "libc++";
				CLANG_ENABLE_MODULES = YES;
				CLANG_ENABLE_OBJC_ARC = YES;
				CLANG_ENABLE_OBJC_WEAK = YES;
				CLANG_WARN_BLOCK_CAPTURE_AUTORELEASING = YES;
				CLANG_WARN_BOOL_CONVERSION = YES;
				CLANG_WARN_COMMA = YES;
				CLANG_WARN_CONSTANT_CONVERSION = YES;
				CLANG_WARN_DEPRECATED_OBJC_IMPLEMENTATIONS = YES;
				CLANG_WARN_DIRECT_OBJC_ISA_USAGE = YES_ERROR;
				CLANG_WARN_DOCUMENTATION_COMMENTS = YES;
				CLANG_WARN_EMPTY_BODY = YES;
				CLANG_WARN_ENUM_CONVERSION = YES;
				CLANG_WARN_INFINITE_RECURSION = YES;
				CLANG_WARN_INT_CONVERSION = YES;
				CLANG_WARN_NON_LITERAL_NULL_CONVERSION = YES;
				CLANG_WARN_OBJC_IMPLICIT_RETAIN_SELF = YES;
				CLANG_WARN_OBJC_LITERAL_CONVERSION = YES;
				CLANG_WARN_OBJC_ROOT_CLASS = YES_ERROR;
				CLANG_WARN_RANGE_LOOP_ANALYSIS = YES;
				CLANG_WARN_STRICT_PROTOTYPES = YES;
				CLANG_WARN_SUSPICIOUS_MOVE = YES;
				CLANG_WARN_UNGUARDED_AVAILABILITY = YES_AGGRESSIVE;
				CLANG_WARN_UNREACHABLE_CODE = YES;
				CLANG_WARN__DUPLICATE_METHOD_MATCH = YES;
				CODE_SIGN_IDENTITY = "iPhone Developer";
				COPY_PHASE_STRIP = NO;
				DEBUG_INFORMATION_FORMAT = "dwarf-with-dsym";
				ENABLE_NS_ASSERTIONS = NO;
				ENABLE_STRICT_OBJC_MSGSEND = YES;
				GCC_C_LANGUAGE_STANDARD = gnu11;
				GCC_NO_COMMON_BLOCKS = YES;
				GCC_WARN_64_TO_32_BIT_CONVERSION = YES;
				GCC_WARN_ABOUT_RETURN_TYPE = YES_ERROR;
				GCC_WARN_UNDECLARED_SELECTOR = YES;
				GCC_WARN_UNINITIALIZED_AUTOS = YES_AGGRESSIVE;
				GCC_WARN_UNUSED_FUNCTION = YES;
				GCC_WARN_UNUSED_VARIABLE = YES;
				IPHONEOS_DEPLOYMENT_TARGET = 11.4;
				MTL_ENABLE_DEBUG_INFO = NO;
				SDKROOT = iphoneos;
				SWIFT_COMPILATION_MODE = wholemodule;
				SWIFT_OPTIMIZATION_LEVEL = "-O";
				VALIDATE_PRODUCT = YES;
			};
			name = Release;
		};
		5E8AECE020BE8EBC001F4012 /* Debug */ = {
			isa = XCBuildConfiguration;
			baseConfigurationReference = 954D14EE3141EF5B90484747 /* Pods-TapMe.debug.xcconfig */;
			buildSettings = {
				ASSETCATALOG_COMPILER_APPICON_NAME = AppIcon;
				CODE_SIGN_STYLE = Automatic;
				DEVELOPMENT_TEAM = "";
				INFOPLIST_FILE = TapMe/Info.plist;
				IPHONEOS_DEPLOYMENT_TARGET = 9.0;
				LD_RUNPATH_SEARCH_PATHS = (
					"$(inherited)",
					"@executable_path/Frameworks",
				);
				LIBRARY_SEARCH_PATHS = "$(inherited)";
				PRODUCT_BUNDLE_IDENTIFIER = com.backendless.TapMe;
				PRODUCT_NAME = "$(TARGET_NAME)";
				SWIFT_OBJC_BRIDGING_HEADER = "Pods/Backendless/SDK/ios/backendless/include/Backendless-Bridging-Header.h";
				SWIFT_VERSION = 5.0;
				TARGETED_DEVICE_FAMILY = "1,2";
			};
			name = Debug;
		};
		5E8AECE120BE8EBC001F4012 /* Release */ = {
			isa = XCBuildConfiguration;
			baseConfigurationReference = 23940E0A8F35A24F844BC727 /* Pods-TapMe.release.xcconfig */;
			buildSettings = {
				ASSETCATALOG_COMPILER_APPICON_NAME = AppIcon;
				CODE_SIGN_STYLE = Automatic;
				DEVELOPMENT_TEAM = "";
				INFOPLIST_FILE = TapMe/Info.plist;
				IPHONEOS_DEPLOYMENT_TARGET = 9.0;
				LD_RUNPATH_SEARCH_PATHS = (
					"$(inherited)",
					"@executable_path/Frameworks",
				);
				LIBRARY_SEARCH_PATHS = "$(inherited)";
				PRODUCT_BUNDLE_IDENTIFIER = com.backendless.TapMe;
				PRODUCT_NAME = "$(TARGET_NAME)";
				SWIFT_OBJC_BRIDGING_HEADER = "Pods/Backendless/SDK/ios/backendless/include/Backendless-Bridging-Header.h";
				SWIFT_VERSION = 5.0;
				TARGETED_DEVICE_FAMILY = "1,2";
			};
			name = Release;
		};
/* End XCBuildConfiguration section */

/* Begin XCConfigurationList section */
		5E8AECC820BE8EBB001F4012 /* Build configuration list for PBXProject "TapMe" */ = {
			isa = XCConfigurationList;
			buildConfigurations = (
				5E8AECDD20BE8EBC001F4012 /* Debug */,
				5E8AECDE20BE8EBC001F4012 /* Release */,
			);
			defaultConfigurationIsVisible = 0;
			defaultConfigurationName = Release;
		};
		5E8AECDF20BE8EBC001F4012 /* Build configuration list for PBXNativeTarget "TapMe" */ = {
			isa = XCConfigurationList;
			buildConfigurations = (
				5E8AECE020BE8EBC001F4012 /* Debug */,
				5E8AECE120BE8EBC001F4012 /* Release */,
			);
			defaultConfigurationIsVisible = 0;
			defaultConfigurationName = Release;
		};
/* End XCConfigurationList section */
	};
	rootObject = 5E8AECC520BE8EBB001F4012 /* Project object */;
}
